
Microsoft Visual Studio Solution File, Format Version 12.00
# Visual Studio Version 16
VisualStudioVersion = 16.0.30114.105
MinimumVisualStudioVersion = 10.0.40219.1
Project("{FAE04EC0-301F-11D3-BF4B-00C04F79EFBC}") = "pg166VoidInteger", "pg166VoidInteger.csproj", "{ABD19279-6B1A-496D-8995-32DEE83F2134}"
EndProject
Global
	GlobalSection(SolutionConfigurationPlatforms) = preSolution
		Debug|Any CPU = Debug|Any CPU
		Release|Any CPU = Release|Any CPU
	EndGlobalSection
	GlobalSection(ProjectConfigurationPlatforms) = postSolution
		{ABD19279-6B1A-496D-8995-32DEE83F2134}.Debug|Any CPU.ActiveCfg = Debug|Any CPU
		{ABD19279-6B1A-496D-8995-32DEE83F2134}.Debug|Any CPU.Build.0 = Debug|Any CPU
		{ABD19279-6B1A-496D-8995-32DEE83F2134}.Release|Any CPU.ActiveCfg = Release|Any CPU
		{ABD19279-6B1A-496D-8995-32DEE83F2134}.Release|Any CPU.Build.0 = Release|Any CPU
	EndGlobalSection
	GlobalSection(SolutionProperties) = preSolution
		HideSolutionNode = FALSE
	EndGlobalSection
	GlobalSection(ExtensibilityGlobals) = postSolution
		SolutionGuid = {84F5052A-707F-4CC1-B3D7-8FAAE4C1BB1F}
	EndGlobalSection
EndGlobal
