
Microsoft Visual Studio Solution File, Format Version 12.00
# Visual Studio Version 16
VisualStudioVersion = 16.0.30114.105
MinimumVisualStudioVersion = 10.0.40219.1
Project("{FAE04EC0-301F-11D3-BF4B-00C04F79EFBC}") = "DivideList", "DivideList.csproj", "{9FAB1A90-8309-4248-BFDA-D8E6CED7E160}"
EndProject
Global
	GlobalSection(SolutionConfigurationPlatforms) = preSolution
		Debug|Any CPU = Debug|Any CPU
		Release|Any CPU = Release|Any CPU
	EndGlobalSection
	GlobalSection(ProjectConfigurationPlatforms) = postSolution
		{9FAB1A90-8309-4248-BFDA-D8E6CED7E160}.Debug|Any CPU.ActiveCfg = Debug|Any CPU
		{9FAB1A90-8309-4248-BFDA-D8E6CED7E160}.Debug|Any CPU.Build.0 = Debug|Any CPU
		{9FAB1A90-8309-4248-BFDA-D8E6CED7E160}.Release|Any CPU.ActiveCfg = Release|Any CPU
		{9FAB1A90-8309-4248-BFDA-D8E6CED7E160}.Release|Any CPU.Build.0 = Release|Any CPU
	EndGlobalSection
	GlobalSection(SolutionProperties) = preSolution
		HideSolutionNode = FALSE
	EndGlobalSection
	GlobalSection(ExtensibilityGlobals) = postSolution
		SolutionGuid = {48BEC831-972D-4F3F-AA61-7BCC8C9E855A}
	EndGlobalSection
EndGlobal
