
Microsoft Visual Studio Solution File, Format Version 12.00
# Visual Studio Version 16
VisualStudioVersion = 16.0.30114.105
MinimumVisualStudioVersion = 10.0.40219.1
Project("{FAE04EC0-301F-11D3-BF4B-00C04F79EFBC}") = "pg230GUID", "pg230GUID.csproj", "{3817B242-44F1-4B3C-A723-1ADF0B4619E3}"
EndProject
Global
	GlobalSection(SolutionConfigurationPlatforms) = preSolution
		Debug|Any CPU = Debug|Any CPU
		Release|Any CPU = Release|Any CPU
	EndGlobalSection
	GlobalSection(ProjectConfigurationPlatforms) = postSolution
		{3817B242-44F1-4B3C-A723-1ADF0B4619E3}.Debug|Any CPU.ActiveCfg = Debug|Any CPU
		{3817B242-44F1-4B3C-A723-1ADF0B4619E3}.Debug|Any CPU.Build.0 = Debug|Any CPU
		{3817B242-44F1-4B3C-A723-1ADF0B4619E3}.Release|Any CPU.ActiveCfg = Release|Any CPU
		{3817B242-44F1-4B3C-A723-1ADF0B4619E3}.Release|Any CPU.Build.0 = Release|Any CPU
	EndGlobalSection
	GlobalSection(SolutionProperties) = preSolution
		HideSolutionNode = FALSE
	EndGlobalSection
	GlobalSection(ExtensibilityGlobals) = postSolution
		SolutionGuid = {564DD643-5F04-4636-AC63-4FF2B0370B40}
	EndGlobalSection
EndGlobal
