
Microsoft Visual Studio Solution File, Format Version 12.00
# Visual Studio Version 16
VisualStudioVersion = 16.0.30114.105
MinimumVisualStudioVersion = 10.0.40219.1
Project("{FAE04EC0-301F-11D3-BF4B-00C04F79EFBC}") = "pg182interface", "pg182interface.csproj", "{D92B108F-0814-411A-971D-7AE099CF0E49}"
EndProject
Global
	GlobalSection(SolutionConfigurationPlatforms) = preSolution
		Debug|Any CPU = Debug|Any CPU
		Release|Any CPU = Release|Any CPU
	EndGlobalSection
	GlobalSection(ProjectConfigurationPlatforms) = postSolution
		{D92B108F-0814-411A-971D-7AE099CF0E49}.Debug|Any CPU.ActiveCfg = Debug|Any CPU
		{D92B108F-0814-411A-971D-7AE099CF0E49}.Debug|Any CPU.Build.0 = Debug|Any CPU
		{D92B108F-0814-411A-971D-7AE099CF0E49}.Release|Any CPU.ActiveCfg = Release|Any CPU
		{D92B108F-0814-411A-971D-7AE099CF0E49}.Release|Any CPU.Build.0 = Release|Any CPU
	EndGlobalSection
	GlobalSection(SolutionProperties) = preSolution
		HideSolutionNode = FALSE
	EndGlobalSection
	GlobalSection(ExtensibilityGlobals) = postSolution
		SolutionGuid = {ECC2F244-9276-4E6F-A141-B57060EAE215}
	EndGlobalSection
EndGlobal
