
Microsoft Visual Studio Solution File, Format Version 12.00
# Visual Studio Version 16
VisualStudioVersion = 16.0.30114.105
MinimumVisualStudioVersion = 10.0.40219.1
Project("{FAE04EC0-301F-11D3-BF4B-00C04F79EFBC}") = "pg222datetime", "pg222datetime.csproj", "{5360D80D-C7E2-4604-A38F-BD1F088CCB04}"
EndProject
Global
	GlobalSection(SolutionConfigurationPlatforms) = preSolution
		Debug|Any CPU = Debug|Any CPU
		Release|Any CPU = Release|Any CPU
	EndGlobalSection
	GlobalSection(ProjectConfigurationPlatforms) = postSolution
		{5360D80D-C7E2-4604-A38F-BD1F088CCB04}.Debug|Any CPU.ActiveCfg = Debug|Any CPU
		{5360D80D-C7E2-4604-A38F-BD1F088CCB04}.Debug|Any CPU.Build.0 = Debug|Any CPU
		{5360D80D-C7E2-4604-A38F-BD1F088CCB04}.Release|Any CPU.ActiveCfg = Release|Any CPU
		{5360D80D-C7E2-4604-A38F-BD1F088CCB04}.Release|Any CPU.Build.0 = Release|Any CPU
	EndGlobalSection
	GlobalSection(SolutionProperties) = preSolution
		HideSolutionNode = FALSE
	EndGlobalSection
	GlobalSection(ExtensibilityGlobals) = postSolution
		SolutionGuid = {F6D8FAE0-FC15-4BCB-8A31-E0462019584E}
	EndGlobalSection
EndGlobal
