
Microsoft Visual Studio Solution File, Format Version 12.00
# Visual Studio Version 16
VisualStudioVersion = 16.0.30114.105
MinimumVisualStudioVersion = 10.0.40219.1
Project("{FAE04EC0-301F-11D3-BF4B-00C04F79EFBC}") = "pg169otuputparameters", "pg169otuputparameters.csproj", "{3F3A5FBD-7181-4953-84E3-642C2CD70BCD}"
EndProject
Global
	GlobalSection(SolutionConfigurationPlatforms) = preSolution
		Debug|Any CPU = Debug|Any CPU
		Release|Any CPU = Release|Any CPU
	EndGlobalSection
	GlobalSection(ProjectConfigurationPlatforms) = postSolution
		{3F3A5FBD-7181-4953-84E3-642C2CD70BCD}.Debug|Any CPU.ActiveCfg = Debug|Any CPU
		{3F3A5FBD-7181-4953-84E3-642C2CD70BCD}.Debug|Any CPU.Build.0 = Debug|Any CPU
		{3F3A5FBD-7181-4953-84E3-642C2CD70BCD}.Release|Any CPU.ActiveCfg = Release|Any CPU
		{3F3A5FBD-7181-4953-84E3-642C2CD70BCD}.Release|Any CPU.Build.0 = Release|Any CPU
	EndGlobalSection
	GlobalSection(SolutionProperties) = preSolution
		HideSolutionNode = FALSE
	EndGlobalSection
	GlobalSection(ExtensibilityGlobals) = postSolution
		SolutionGuid = {001D6B8F-583D-429C-932B-1CC7F1657913}
	EndGlobalSection
EndGlobal
