
Microsoft Visual Studio Solution File, Format Version 12.00
# Visual Studio Version 16
VisualStudioVersion = 16.0.30114.105
MinimumVisualStudioVersion = 10.0.40219.1
Project("{FAE04EC0-301F-11D3-BF4B-00C04F79EFBC}") = "ElevenPartApp", "ElevenPartApp.csproj", "{52145AD6-7283-41A5-B1A7-61EBC13FE31A}"
EndProject
Global
	GlobalSection(SolutionConfigurationPlatforms) = preSolution
		Debug|Any CPU = Debug|Any CPU
		Release|Any CPU = Release|Any CPU
	EndGlobalSection
	GlobalSection(ProjectConfigurationPlatforms) = postSolution
		{52145AD6-7283-41A5-B1A7-61EBC13FE31A}.Debug|Any CPU.ActiveCfg = Debug|Any CPU
		{52145AD6-7283-41A5-B1A7-61EBC13FE31A}.Debug|Any CPU.Build.0 = Debug|Any CPU
		{52145AD6-7283-41A5-B1A7-61EBC13FE31A}.Release|Any CPU.ActiveCfg = Release|Any CPU
		{52145AD6-7283-41A5-B1A7-61EBC13FE31A}.Release|Any CPU.Build.0 = Release|Any CPU
	EndGlobalSection
	GlobalSection(SolutionProperties) = preSolution
		HideSolutionNode = FALSE
	EndGlobalSection
	GlobalSection(ExtensibilityGlobals) = postSolution
		SolutionGuid = {F61BFAB7-BA05-4401-B5D0-7412A1DC4EFF}
	EndGlobalSection
EndGlobal
