
Microsoft Visual Studio Solution File, Format Version 12.00
# Visual Studio Version 16
VisualStudioVersion = 16.0.30114.105
MinimumVisualStudioVersion = 10.0.40219.1
Project("{FAE04EC0-301F-11D3-BF4B-00C04F79EFBC}") = "IterationExample", "IterationExample.csproj", "{E4B4074F-E9A8-4C7F-A384-05E0BA368097}"
EndProject
Global
	GlobalSection(SolutionConfigurationPlatforms) = preSolution
		Debug|Any CPU = Debug|Any CPU
		Release|Any CPU = Release|Any CPU
	EndGlobalSection
	GlobalSection(ProjectConfigurationPlatforms) = postSolution
		{E4B4074F-E9A8-4C7F-A384-05E0BA368097}.Debug|Any CPU.ActiveCfg = Debug|Any CPU
		{E4B4074F-E9A8-4C7F-A384-05E0BA368097}.Debug|Any CPU.Build.0 = Debug|Any CPU
		{E4B4074F-E9A8-4C7F-A384-05E0BA368097}.Release|Any CPU.ActiveCfg = Release|Any CPU
		{E4B4074F-E9A8-4C7F-A384-05E0BA368097}.Release|Any CPU.Build.0 = Release|Any CPU
	EndGlobalSection
	GlobalSection(SolutionProperties) = preSolution
		HideSolutionNode = FALSE
	EndGlobalSection
	GlobalSection(ExtensibilityGlobals) = postSolution
		SolutionGuid = {8CC2CB39-F0F5-4CA1-8254-12622614CE34}
	EndGlobalSection
EndGlobal
